
Microsoft Visual Studio Solution File, Format Version 12.00
# Visual Studio 15
VisualStudioVersion = 15.0.28307.1401
MinimumVisualStudioVersion = 10.0.40219.1
Project("{FAE04EC0-301F-11D3-BF4B-00C04F79EFBC}") = "ProyectoGimnasio", "ProyectoGimnasio\ProyectoGimnasio.csproj", "{66F2213E-7BF9-4EE4-A0F5-D63522DEEF07}"
EndProject
Global
	GlobalSection(SolutionConfigurationPlatforms) = preSolution
		Debug|Any CPU = Debug|Any CPU
		Release|Any CPU = Release|Any CPU
	EndGlobalSection
	GlobalSection(ProjectConfigurationPlatforms) = postSolution
		{66F2213E-7BF9-4EE4-A0F5-D63522DEEF07}.Debug|Any CPU.ActiveCfg = Debug|Any CPU
		{66F2213E-7BF9-4EE4-A0F5-D63522DEEF07}.Debug|Any CPU.Build.0 = Debug|Any CPU
		{66F2213E-7BF9-4EE4-A0F5-D63522DEEF07}.Release|Any CPU.ActiveCfg = Release|Any CPU
		{66F2213E-7BF9-4EE4-A0F5-D63522DEEF07}.Release|Any CPU.Build.0 = Release|Any CPU
	EndGlobalSection
	GlobalSection(SolutionProperties) = preSolution
		HideSolutionNode = FALSE
	EndGlobalSection
	GlobalSection(ExtensibilityGlobals) = postSolution
		SolutionGuid = {D520FA7F-4C01-4B30-B1DE-912E72C355E3}
	EndGlobalSection
EndGlobal
